github.com/aymerick/douceur v0.2.0 h1:Mv+mAeH1Q+n9Fr+oyamOlAkUNPWPlA8PPGR0QAaYuPk=
github.com/aymerick/douceur v0.2.0/go.mod h1:wlT5vV2O3h55X9m7iVYN0TBM0NH/MmbLnd30/FjWUq4=
github.com/benpate/derp v0.28.0 h1:iMm41m0bGhjVnvpzn/jnIMDyuoVublhL9QRfsXSMkB0=
github.com/benpate/derp v0.28.0/go.mod h1:y+PJWv5VOBOnd1y4CGk/c7xVS0Pwxg9BGQE5r/SGc8w=
github.com/benpate/exp v0.7.1 h1:1lIlWfX/XrrDSSr3tG8fueZFGqWeQVaQhSExQ9oxl9s=
github.com/benpate/exp v0.7.1/go.mod h1:VWDkZ1uM4HyXJVi+NDA1QvVklsgFE7T9L5lCeZBento=
github.com/benpate/form v0.16.2 h1:6YsSxES4/x5Yeyc1Umd3Rj3EYIhBhHvflq8ykajhRGs=
github.com/benpate/form v0.16.2/go.mod h1:rWqtUee0b69zCIcHmdR+z72tipIly4w/sCOU6sreo0o=
github.com/benpate/html v0.16.3 h1:SOmpI6/0NbnRh34P6TSDeVuQ3//+toGiwCfE5tTbNzU=
github.com/benpate/html v0.16.3/go.mod h1:9QmC5wd7po95c4ZgmhQYKeIOPlwB6M6Gt4WFH3nDSN0=
github.com/benpate/rosetta v0.18.0 h1:aC1gy+kDnyXqvmg+4NPJ4yI3cbA6wNc68zguDExFvcY=
github.com/benpate/rosetta v0.18.0/go.mod h1:7OUO8lAsUKd6Kvq7ju77cXNeDtU8/i8x05nrZ+3qpIg=
github.com/davecgh/go-spew v1.1.1 h1:vj9j/u1bqnvCEfJOwUhtlOARqs3+rkHYY13jYWTU97c=
github.com/gorilla/css v1.0.0 h1:BQqNyPTi50JCFMTw/b67hByjMVXZRwGha6wxVGkeihY=
github.com/gorilla/css v1.0.0/go.mod h1:Dn721qIggHpt4+EFCcTLTU/vk5ySda2ReITrtgBl60c=
github.com/microcosm-cc/bluemonday v1.0.24 h1:NGQoPtwGVcbGkKfvyYk1yRqknzBuoMiUrO6R7uFTPlw=
github.com/microcosm-cc/bluemonday v1.0.24/go.mod h1:ArQySAMps0790cHSkdPEJ7bGkF2VePWH773hsJNSHf8=
github.com/pmezard/go-difflib v1.0.0 h1:4DBwDE0NGyQoBHbLQYPwSUPoCMWR5BEzIk/f1lZbAQM=
github.com/stretchr/testify v1.8.4 h1:CcVxjf3Q8PM0mHUKJCdn+eZZtm5yQwehR5yeSVQQcUk=
golang.org/x/net v0.11.0 h1:Gi2tvZIJyBtO9SDr1q9h5hEQCp/4L2RQ+ar0qjx2oNU=
golang.org/x/net v0.11.0/go.mod h1:2L/ixqYpgIVXmeoSA/4Lu7BzTG4KIyPIryS4IsOd1oQ=
gopkg.in/yaml.v3 v3.0.1 h1:fxVm/GzAzEWqLHuvctI91KS9hhNmmWOoWu0XTYJS7CA=
