github.com/aymerick/douceur v0.2.0 h1:Mv+mAeH1Q+n9Fr+oyamOlAkUNPWPlA8PPGR0QAaYuPk=
github.com/aymerick/douceur v0.2.0/go.mod h1:wlT5vV2O3h55X9m7iVYN0TBM0NH/MmbLnd30/FjWUq4=
github.com/benpate/derp v0.31.0 h1:Vo3oQrD+eDLY/FQ4W3HUtV1Et7lkm8OEF6rJQlSd6xg=
github.com/benpate/derp v0.31.0/go.mod h1:y+PJWv5VOBOnd1y4CGk/c7xVS0Pwxg9BGQE5r/SGc8w=
github.com/benpate/exp v0.8.3 h1:rxlXtdLxc+XU5ySoAFEt7YKOjhOE7YRMz15YUePBLJk=
github.com/benpate/exp v0.8.3/go.mod h1:VWDkZ1uM4HyXJVi+NDA1QvVklsgFE7T9L5lCeZBento=
github.com/benpate/form v0.22.0 h1:IOkH4DKI7Fu2tC1nFyiNwIANgUzG+P9VuHnuRuNsvS8=
github.com/benpate/form v0.22.0/go.mod h1:YHZpxLjwlpKkF8kbaup1a4fut4Ti71Db54La4Hm8TQ8=
github.com/benpate/html v0.16.5 h1:cIUlf5rhWesgltrEYXCxdWYVfrlYAtSNmV9Ak/lZv/c=
github.com/benpate/html v0.16.5/go.mod h1:9QmC5wd7po95c4ZgmhQYKeIOPlwB6M6Gt4WFH3nDSN0=
github.com/benpate/rosetta v0.21.0 h1:Zm6Fg+2vRdHTLgiVd3lvYRFKvVZeWCG4zB4W8GiEmMw=
github.com/benpate/rosetta v0.21.0/go.mod h1:z5O9VBmsqAcLfUh1OCthkwaF7URC5vyxuRMO+mQl/fk=
github.com/davecgh/go-spew v1.1.1 h1:vj9j/u1bqnvCEfJOwUhtlOARqs3+rkHYY13jYWTU97c=
github.com/davecgh/go-spew v1.1.1/go.mod h1:J7Y8YcW2NihsgmVo/mv3lAwl/skON4iLHjSsI+c5H38=
github.com/gorilla/css v1.0.1 h1:ntNaBIghp6JmvWnxbZKANoLyuXTPZ4cAMlo6RyhlbO8=
github.com/gorilla/css v1.0.1/go.mod h1:BvnYkspnSzMmwRK+b8/xgNPLiIuNZr6vbZBTPQ2A3b0=
github.com/microcosm-cc/bluemonday v1.0.26 h1:xbqSvqzQMeEHCqMi64VAs4d8uy6Mequs3rQ0k/Khz58=
github.com/microcosm-cc/bluemonday v1.0.26/go.mod h1:JyzOCs9gkyQyjs+6h10UEVSe02CGwkhd72Xdqh78TWs=
github.com/pmezard/go-difflib v1.0.0 h1:4DBwDE0NGyQoBHbLQYPwSUPoCMWR5BEzIk/f1lZbAQM=
github.com/pmezard/go-difflib v1.0.0/go.mod h1:iKH77koFhYxTK1pcRnkKkqfTogsbg7gZNVY4sRDYZ/4=
github.com/stretchr/testify v1.9.0 h1:HtqpIVDClZ4nwg75+f6Lvsy/wHu+3BoSGCbBAcpTsTg=
github.com/stretchr/testify v1.9.0/go.mod h1:r2ic/lqez/lEtzL7wO/rwa5dbSLXVDPFyf8C91i36aY=
golang.org/x/net v0.25.0 h1:d/OCCoBEUq33pjydKrGQhw7IlUPI2Oylr+8qLx49kac=
golang.org/x/net v0.25.0/go.mod h1:JkAGAh7GEvH74S6FOH42FLoXpXbE/aqXSrIQjXgsiwM=
gopkg.in/yaml.v3 v3.0.1 h1:fxVm/GzAzEWqLHuvctI91KS9hhNmmWOoWu0XTYJS7CA=
gopkg.in/yaml.v3 v3.0.1/go.mod h1:K4uyk7z7BCEPqu6E+C64Yfv1cQ7kz7rIZviUmN+EgEM=
